{
  "name": "mocka-knowledge-gate",
  "version": "1.0.0",
  "lockfileVersion": 3,
  "requires": true,
  "packages": {
    "": {
      "name": "mocka-knowledge-gate",
      "version": "1.0.0",
      "dependencies": {
        "firebase-admin": "^13.6.0",
        "next": "^14.0.0",
        "react": "^18.0.0",
        "react-dom": "^18.0.0"
      }
    },
    "node_modules/firebase-admin": {
      "version": "13.6.0",
      "resolved": "https://registry.npmjs.org/firebase-admin/-/firebase-admin-13.6.0.tgz",
      "integrity": "sha512-..."
    },
    "node_modules/next": {
      "version": "14.0.0",
      "resolved": "https://registry.npmjs.org/next/-/next-14.0.0.tgz",
      "integrity": "sha512-..."
    },
    "node_modules/react": {
      "version": "18.0.0",
      "resolved": "https://registry.npmjs.org/react/-/react-18.0.0.tgz",
      "integrity": "sha512-..."
    },
    "node_modules/react-dom": {
      "version": "18.0.0",
      "resolved": "https://registry.npmjs.org/react-dom/-/react-dom-18.0.0.tgz",
      "integrity": "sha512-..."
    }
  }
}
